
Microsoft Visual Studio Solution File, Format Version 12.00
# Visual Studio Version 17
VisualStudioVersion = 17.0.31903.59
MinimumVisualStudioVersion = 10.0.40219.1
Project("{2150E333-8FDC-42A3-9474-1A3956D46DE8}") = "src", "src", "{169ABC4D-6BE1-41F3-9DAC-B32E110DE949}"
EndProject
Project("{FAE04EC0-301F-11D3-BF4B-00C04F79EFBC}") = "AuctionService", "src\AuctionService\AuctionService.csproj", "{813523B6-DB4C-4201-9756-D449C8ABF5A3}"
EndProject
Global
	GlobalSection(SolutionConfigurationPlatforms) = preSolution
		Debug|Any CPU = Debug|Any CPU
		Release|Any CPU = Release|Any CPU
	EndGlobalSection
	GlobalSection(SolutionProperties) = preSolution
		HideSolutionNode = FALSE
	EndGlobalSection
	GlobalSection(ProjectConfigurationPlatforms) = postSolution
		{813523B6-DB4C-4201-9756-D449C8ABF5A3}.Debug|Any CPU.ActiveCfg = Debug|Any CPU
		{813523B6-DB4C-4201-9756-D449C8ABF5A3}.Debug|Any CPU.Build.0 = Debug|Any CPU
		{813523B6-DB4C-4201-9756-D449C8ABF5A3}.Release|Any CPU.ActiveCfg = Release|Any CPU
		{813523B6-DB4C-4201-9756-D449C8ABF5A3}.Release|Any CPU.Build.0 = Release|Any CPU
	EndGlobalSection
	GlobalSection(NestedProjects) = preSolution
		{813523B6-DB4C-4201-9756-D449C8ABF5A3} = {169ABC4D-6BE1-41F3-9DAC-B32E110DE949}
	EndGlobalSection
EndGlobal
